// !$*UTF8*$!
{
	archiveVersion = 1;
	classes = {
	};
	objectVersion = 48;
	objects = {

/* Begin PBXBuildFile section */
		0FA96C722029337D00571950 /* AppDelegate.m in Sources */ = {isa = PBXBuildFile; fileRef = 0FA96C712029337D00571950 /* AppDelegate.m */; };
		0FA96C752029337D00571950 /* ViewController.m in Sources */ = {isa = PBXBuildFile; fileRef = 0FA96C742029337D00571950 /* ViewController.m */; };
		0FA96C782029337D00571950 /* Main.storyboard in Resources */ = {isa = PBXBuildFile; fileRef = 0FA96C762029337D00571950 /* Main.storyboard */; };
		0FA96C7A2029337D00571950 /* Assets.xcassets in Resources */ = {isa = PBXBuildFile; fileRef = 0FA96C792029337D00571950 /* Assets.xcassets */; };
		0FA96C7D2029337D00571950 /* LaunchScreen.storyboard in Resources */ = {isa = PBXBuildFile; fileRef = 0FA96C7B2029337D00571950 /* LaunchScreen.storyboard */; };
		0FA96C802029337D00571950 /* main.m in Sources */ = {isa = PBXBuildFile; fileRef = 0FA96C7F2029337D00571950 /* main.m */; };
		0FA96C8A2029337D00571950 /* wakywakyTests.m in Sources */ = {isa = PBXBuildFile; fileRef = 0FA96C892029337D00571950 /* wakywakyTests.m */; };
		0FA96C952029337D00571950 /* wakywakyUITests.m in Sources */ = {isa = PBXBuildFile; fileRef = 0FA96C942029337D00571950 /* wakywakyUITests.m */; };
		0FA96CB92040614200571950 /* AlertCollectionViewCell.xib in Resources */ = {isa = PBXBuildFile; fileRef = 0FA96CB72040614200571950 /* AlertCollectionViewCell.xib */; };
		0FA96CBA2040614200571950 /* AlertCollectionViewCell.m in Sources */ = {isa = PBXBuildFile; fileRef = 0FA96CB82040614200571950 /* AlertCollectionViewCell.m */; };
/* End PBXBuildFile section */

/* Begin PBXContainerItemProxy section */
		0FA96C862029337D00571950 /* PBXContainerItemProxy */ = {
			isa = PBXContainerItemProxy;
			containerPortal = 0FA96C652029337D00571950 /* Project object */;
			proxyType = 1;
			remoteGlobalIDString = 0FA96C6C2029337D00571950;
			remoteInfo = wakywaky;
		};
		0FA96C912029337D00571950 /* PBXContainerItemProxy */ = {
			isa = PBXContainerItemProxy;
			containerPortal = 0FA96C652029337D00571950 /* Project object */;
			proxyType = 1;
			remoteGlobalIDString = 0FA96C6C2029337D00571950;
			remoteInfo = wakywaky;
		};
/* End PBXContainerItemProxy section */

/* Begin PBXFileReference section */
		0FA96C6D2029337D00571950 /* wakywaky.app */ = {isa = PBXFileReference; explicitFileType = wrapper.application; includeInIndex = 0; path = wakywaky.app; sourceTree = BUILT_PRODUCTS_DIR; };
		0FA96C702029337D00571950 /* AppDelegate.h */ = {isa = PBXFileReference; lastKnownFileType = sourcecode.c.h; path = AppDelegate.h; sourceTree = "<group>"; };
		0FA96C712029337D00571950 /* AppDelegate.m */ = {isa = PBXFileReference; lastKnownFileType = sourcecode.c.objc; path = AppDelegate.m; sourceTree = "<group>"; };
		0FA96C732029337D00571950 /* ViewController.h */ = {isa = PBXFileReference; lastKnownFileType = sourcecode.c.h; path = ViewController.h; sourceTree = "<group>"; };
		0FA96C742029337D00571950 /* ViewController.m */ = {isa = PBXFileReference; lastKnownFileType = sourcecode.c.objc; path = ViewController.m; sourceTree = "<group>"; };
		0FA96C772029337D00571950 /* Base */ = {isa = PBXFileReference; lastKnownFileType = file.storyboard; name = Base; path = Base.lproj/Main.storyboard; sourceTree = "<group>"; };
		0FA96C792029337D00571950 /* Assets.xcassets */ = {isa = PBXFileReference; lastKnownFileType = folder.assetcatalog; path = Assets.xcassets; sourceTree = "<group>"; };
		0FA96C7C2029337D00571950 /* Base */ = {isa = PBXFileReference; lastKnownFileType = file.storyboard; name = Base; path = Base.lproj/LaunchScreen.storyboard; sourceTree = "<group>"; };
		0FA96C7E2029337D00571950 /* Info.plist */ = {isa = PBXFileReference; lastKnownFileType = text.plist.xml; path = Info.plist; sourceTree = "<group>"; };
		0FA96C7F2029337D00571950 /* main.m */ = {isa = PBXFileReference; lastKnownFileType = sourcecode.c.objc; path = main.m; sourceTree = "<group>"; };
		0FA96C852029337D00571950 /* wakywakyTests.xctest */ = {isa = PBXFileReference; explicitFileType = wrapper.cfbundle; includeInIndex = 0; path = wakywakyTests.xctest; sourceTree = BUILT_PRODUCTS_DIR; };
		0FA96C892029337D00571950 /* wakywakyTests.m */ = {isa = PBXFileReference; lastKnownFileType = sourcecode.c.objc; path = wakywakyTests.m; sourceTree = "<group>"; };
		0FA96C8B2029337D00571950 /* Info.plist */ = {isa = PBXFileReference; lastKnownFileType = text.plist.xml; path = Info.plist; sourceTree = "<group>"; };
		0FA96C902029337D00571950 /* wakywakyUITests.xctest */ = {isa = PBXFileReference; explicitFileType = wrapper.cfbundle; includeInIndex = 0; path = wakywakyUITests.xctest; sourceTree = BUILT_PRODUCTS_DIR; };
		0FA96C942029337D00571950 /* wakywakyUITests.m */ = {isa = PBXFileReference; lastKnownFileType = sourcecode.c.objc; path = wakywakyUITests.m; sourceTree = "<group>"; };
		0FA96C962029337D00571950 /* Info.plist */ = {isa = PBXFileReference; lastKnownFileType = text.plist.xml; path = Info.plist; sourceTree = "<group>"; };
		0FA96CB62040614200571950 /* AlertCollectionViewCell.h */ = {isa = PBXFileReference; fileEncoding = 4; lastKnownFileType = sourcecode.c.h; path = AlertCollectionViewCell.h; sourceTree = "<group>"; };
		0FA96CB72040614200571950 /* AlertCollectionViewCell.xib */ = {isa = PBXFileReference; fileEncoding = 4; lastKnownFileType = file.xib; path = AlertCollectionViewCell.xib; sourceTree = "<group>"; };
		0FA96CB82040614200571950 /* AlertCollectionViewCell.m */ = {isa = PBXFileReference; fileEncoding = 4; lastKnownFileType = sourcecode.c.objc; path = AlertCollectionViewCell.m; sourceTree = "<group>"; };
/* End PBXFileReference section */

/* Begin PBXFrameworksBuildPhase section */
		0FA96C6A2029337D00571950 /* Frameworks */ = {
			isa = PBXFrameworksBuildPhase;
			buildActionMask = 2147483647;
			files = (
			);
			runOnlyForDeploymentPostprocessing = 0;
		};
		0FA96C822029337D00571950 /* Frameworks */ = {
			isa = PBXFrameworksBuildPhase;
			buildActionMask = 2147483647;
			files = (
			);
			runOnlyForDeploymentPostprocessing = 0;
		};
		0FA96C8D2029337D00571950 /* Frameworks */ = {
			isa = PBXFrameworksBuildPhase;
			buildActionMask = 2147483647;
			files = (
			);
			runOnlyForDeploymentPostprocessing = 0;
		};
/* End PBXFrameworksBuildPhase section */

/* Begin PBXGroup section */
		0FA96C642029337D00571950 = {
			isa = PBXGroup;
			children = (
				0FA96C6F2029337D00571950 /* wakywaky */,
				0FA96C882029337D00571950 /* wakywakyTests */,
				0FA96C932029337D00571950 /* wakywakyUITests */,
				0FA96C6E2029337D00571950 /* Products */,
			);
			sourceTree = "<group>";
		};
		0FA96C6E2029337D00571950 /* Products */ = {
			isa = PBXGroup;
			children = (
				0FA96C6D2029337D00571950 /* wakywaky.app */,
				0FA96C852029337D00571950 /* wakywakyTests.xctest */,
				0FA96C902029337D00571950 /* wakywakyUITests.xctest */,
			);
			name = Products;
			sourceTree = "<group>";
		};
		0FA96C6F2029337D00571950 /* wakywaky */ = {
			isa = PBXGroup;
			children = (
				0FA96CB52040614200571950 /* Views */,
				0FA96C702029337D00571950 /* AppDelegate.h */,
				0FA96C712029337D00571950 /* AppDelegate.m */,
				0FA96C732029337D00571950 /* ViewController.h */,
				0FA96C742029337D00571950 /* ViewController.m */,
				0FA96C762029337D00571950 /* Main.storyboard */,
				0FA96C792029337D00571950 /* Assets.xcassets */,
				0FA96C7B2029337D00571950 /* LaunchScreen.storyboard */,
				0FA96C7E2029337D00571950 /* Info.plist */,
				0FA96C7F2029337D00571950 /* main.m */,
			);
			path = wakywaky;
			sourceTree = "<group>";
		};
		0FA96C882029337D00571950 /* wakywakyTests */ = {
			isa = PBXGroup;
			children = (
				0FA96C892029337D00571950 /* wakywakyTests.m */,
				0FA96C8B2029337D00571950 /* Info.plist */,
			);
			path = wakywakyTests;
			sourceTree = "<group>";
		};
		0FA96C932029337D00571950 /* wakywakyUITests */ = {
			isa = PBXGroup;
			children = (
				0FA96C942029337D00571950 /* wakywakyUITests.m */,
				0FA96C962029337D00571950 /* Info.plist */,
			);
			path = wakywakyUITests;
			sourceTree = "<group>";
		};
		0FA96CB52040614200571950 /* Views */ = {
			isa = PBXGroup;
			children = (
				0FA96CB62040614200571950 /* AlertCollectionViewCell.h */,
				0FA96CB72040614200571950 /* AlertCollectionViewCell.xib */,
				0FA96CB82040614200571950 /* AlertCollectionViewCell.m */,
			);
			path = Views;
			sourceTree = "<group>";
		};
/* End PBXGroup section */

/* Begin PBXNativeTarget section */
		0FA96C6C2029337D00571950 /* wakywaky */ = {
			isa = PBXNativeTarget;
			buildConfigurationList = 0FA96C992029337D00571950 /* Build configuration list for PBXNativeTarget "wakywaky" */;
			buildPhases = (
				0FA96C692029337D00571950 /* Sources */,
				0FA96C6A2029337D00571950 /* Frameworks */,
				0FA96C6B2029337D00571950 /* Resources */,
			);
			buildRules = (
			);
			dependencies = (
			);
			name = wakywaky;
			productName = wakywaky;
			productReference = 0FA96C6D2029337D00571950 /* wakywaky.app */;
			productType = "com.apple.product-type.application";
		};
		0FA96C842029337D00571950 /* wakywakyTests */ = {
			isa = PBXNativeTarget;
			buildConfigurationList = 0FA96C9C2029337D00571950 /* Build configuration list for PBXNativeTarget "wakywakyTests" */;
			buildPhases = (
				0FA96C812029337D00571950 /* Sources */,
				0FA96C822029337D00571950 /* Frameworks */,
				0FA96C832029337D00571950 /* Resources */,
			);
			buildRules = (
			);
			dependencies = (
				0FA96C872029337D00571950 /* PBXTargetDependency */,
			);
			name = wakywakyTests;
			productName = wakywakyTests;
			productReference = 0FA96C852029337D00571950 /* wakywakyTests.xctest */;
			productType = "com.apple.product-type.bundle.unit-test";
		};
		0FA96C8F2029337D00571950 /* wakywakyUITests */ = {
			isa = PBXNativeTarget;
			buildConfigurationList = 0FA96C9F2029337D00571950 /* Build configuration list for PBXNativeTarget "wakywakyUITests" */;
			buildPhases = (
				0FA96C8C2029337D00571950 /* Sources */,
				0FA96C8D2029337D00571950 /* Frameworks */,
				0FA96C8E2029337D00571950 /* Resources */,
			);
			buildRules = (
			);
			dependencies = (
				0FA96C922029337D00571950 /* PBXTargetDependency */,
			);
			name = wakywakyUITests;
			productName = wakywakyUITests;
			productReference = 0FA96C902029337D00571950 /* wakywakyUITests.xctest */;
			productType = "com.apple.product-type.bundle.ui-testing";
		};
/* End PBXNativeTarget section */

/* Begin PBXProject section */
		0FA96C652029337D00571950 /* Project object */ = {
			isa = PBXProject;
			attributes = {
				LastUpgradeCheck = 0920;
				ORGANIZATIONNAME = "Yas Marcu";
				TargetAttributes = {
					0FA96C6C2029337D00571950 = {
						CreatedOnToolsVersion = 9.2;
						ProvisioningStyle = Automatic;
					};
					0FA96C842029337D00571950 = {
						CreatedOnToolsVersion = 9.2;
						ProvisioningStyle = Automatic;
						TestTargetID = 0FA96C6C2029337D00571950;
					};
					0FA96C8F2029337D00571950 = {
						CreatedOnToolsVersion = 9.2;
						ProvisioningStyle = Automatic;
						TestTargetID = 0FA96C6C2029337D00571950;
					};
				};
			};
			buildConfigurationList = 0FA96C682029337D00571950 /* Build configuration list for PBXProject "wakywaky" */;
			compatibilityVersion = "Xcode 8.0";
			developmentRegion = en;
			hasScannedForEncodings = 0;
			knownRegions = (
				en,
				Base,
			);
			mainGroup = 0FA96C642029337D00571950;
			productRefGroup = 0FA96C6E2029337D00571950 /* Products */;
			projectDirPath = "";
			projectRoot = "";
			targets = (
				0FA96C6C2029337D00571950 /* wakywaky */,
				0FA96C842029337D00571950 /* wakywakyTests */,
				0FA96C8F2029337D00571950 /* wakywakyUITests */,
			);
		};
/* End PBXProject section */

/* Begin PBXResourcesBuildPhase section */
		0FA96C6B2029337D00571950 /* Resources */ = {
			isa = PBXResourcesBuildPhase;
			buildActionMask = 2147483647;
			files = (
				0FA96C7D2029337D00571950 /* LaunchScreen.storyboard in Resources */,
				0FA96C7A2029337D00571950 /* Assets.xcassets in Resources */,
				0FA96C782029337D00571950 /* Main.storyboard in Resources */,
				0FA96CB92040614200571950 /* AlertCollectionViewCell.xib in Resources */,
			);
			runOnlyForDeploymentPostprocessing = 0;
		};
		0FA96C832029337D00571950 /* Resources */ = {
			isa = PBXResourcesBuildPhase;
			buildActionMask = 2147483647;
			files = (
			);
			runOnlyForDeploymentPostprocessing = 0;
		};
		0FA96C8E2029337D00571950 /* Resources */ = {
			isa = PBXResourcesBuildPhase;
			buildActionMask = 2147483647;
			files = (
			);
			runOnlyForDeploymentPostprocessing = 0;
		};
/* End PBXResourcesBuildPhase section */

/* Begin PBXSourcesBuildPhase section */
		0FA96C692029337D00571950 /* Sources */ = {
			isa = PBXSourcesBuildPhase;
			buildActionMask = 2147483647;
			files = (
				0FA96C752029337D00571950 /* ViewController.m in Sources */,
				0FA96C802029337D00571950 /* main.m in Sources */,
				0FA96CBA2040614200571950 /* AlertCollectionViewCell.m in Sources */,
				0FA96C722029337D00571950 /* AppDelegate.m in Sources */,
			);
			runOnlyForDeploymentPostprocessing = 0;
		};
		0FA96C812029337D00571950 /* Sources */ = {
			isa = PBXSourcesBuildPhase;
			buildActionMask = 2147483647;
			files = (
				0FA96C8A2029337D00571950 /* wakywakyTests.m in Sources */,
			);
			runOnlyForDeploymentPostprocessing = 0;
		};
		0FA96C8C2029337D00571950 /* Sources */ = {
			isa = PBXSourcesBuildPhase;
			buildActionMask = 2147483647;
			files = (
				0FA96C952029337D00571950 /* wakywakyUITests.m in Sources */,
			);
			runOnlyForDeploymentPostprocessing = 0;
		};
/* End PBXSourcesBuildPhase section */

/* Begin PBXTargetDependency section */
		0FA96C872029337D00571950 /* PBXTargetDependency */ = {
			isa = PBXTargetDependency;
			target = 0FA96C6C2029337D00571950 /* wakywaky */;
			targetProxy = 0FA96C862029337D00571950 /* PBXContainerItemProxy */;
		};
		0FA96C922029337D00571950 /* PBXTargetDependency */ = {
			isa = PBXTargetDependency;
			target = 0FA96C6C2029337D00571950 /* wakywaky */;
			targetProxy = 0FA96C912029337D00571950 /* PBXContainerItemProxy */;
		};
/* End PBXTargetDependency section */

/* Begin PBXVariantGroup section */
		0FA96C762029337D00571950 /* Main.storyboard */ = {
			isa = PBXVariantGroup;
			children = (
				0FA96C772029337D00571950 /* Base */,
			);
			name = Main.storyboard;
			sourceTree = "<group>";
		};
		0FA96C7B2029337D00571950 /* LaunchScreen.storyboard */ = {
			isa = PBXVariantGroup;
			children = (
				0FA96C7C2029337D00571950 /* Base */,
			);
			name = LaunchScreen.storyboard;
			sourceTree = "<group>";
		};
/* End PBXVariantGroup section */

/* Begin XCBuildConfiguration section */
		0FA96C972029337D00571950 /* Debug */ = {
			isa = XCBuildConfiguration;
			buildSettings = {
				ALWAYS_SEARCH_USER_PATHS = NO;
				CLANG_ANALYZER_NONNULL = YES;
				CLANG_ANALYZER_NUMBER_OBJECT_CONVERSION = YES_AGGRESSIVE;
				CLANG_CXX_LANGUAGE_STANDARD = "gnu++14";
				CLANG_CXX_LIBRARY = "libc++";
				CLANG_ENABLE_MODULES = YES;
				CLANG_ENABLE_OBJC_ARC = YES;
				CLANG_WARN_BLOCK_CAPTURE_AUTORELEASING = YES;
				CLANG_WARN_BOOL_CONVERSION = YES;
				CLANG_WARN_COMMA = YES;
				CLANG_WARN_CONSTANT_CONVERSION = YES;
				CLANG_WARN_DIRECT_OBJC_ISA_USAGE = YES_ERROR;
				CLANG_WARN_DOCUMENTATION_COMMENTS = YES;
				CLANG_WARN_EMPTY_BODY = YES;
				CLANG_WARN_ENUM_CONVERSION = YES;
				CLANG_WARN_INFINITE_RECURSION = YES;
				CLANG_WARN_INT_CONVERSION = YES;
				CLANG_WARN_NON_LITERAL_NULL_CONVERSION = YES;
				CLANG_WARN_OBJC_LITERAL_CONVERSION = YES;
				CLANG_WARN_OBJC_ROOT_CLASS = YES_ERROR;
				CLANG_WARN_RANGE_LOOP_ANALYSIS = YES;
				CLANG_WARN_STRICT_PROTOTYPES = YES;
				CLANG_WARN_SUSPICIOUS_MOVE = YES;
				CLANG_WARN_UNGUARDED_AVAILABILITY = YES_AGGRESSIVE;
				CLANG_WARN_UNREACHABLE_CODE = YES;
				CLANG_WARN__DUPLICATE_METHOD_MATCH = YES;
				CODE_SIGN_IDENTITY = "iPhone Developer";
				COPY_PHASE_STRIP = NO;
				DEBUG_INFORMATION_FORMAT = dwarf;
				ENABLE_STRICT_OBJC_MSGSEND = YES;
				ENABLE_TESTABILITY = YES;
				GCC_C_LANGUAGE_STANDARD = gnu11;
				GCC_DYNAMIC_NO_PIC = NO;
				GCC_NO_COMMON_BLOCKS = YES;
				GCC_OPTIMIZATION_LEVEL = 0;
				GCC_PREPROCESSOR_DEFINITIONS = (
					"DEBUG=1",
					"$(inherited)",
				);
				GCC_WARN_64_TO_32_BIT_CONVERSION = YES;
				GCC_WARN_ABOUT_RETURN_TYPE = YES_ERROR;
				GCC_WARN_UNDECLARED_SELECTOR = YES;
				GCC_WARN_UNINITIALIZED_AUTOS = YES_AGGRESSIVE;
				GCC_WARN_UNUSED_FUNCTION = YES;
				GCC_WARN_UNUSED_VARIABLE = YES;
				IPHONEOS_DEPLOYMENT_TARGET = 11.2;
				MTL_ENABLE_DEBUG_INFO = YES;
				ONLY_ACTIVE_ARCH = YES;
				SDKROOT = iphoneos;
			};
			name = Debug;
		};
		0FA96C982029337D00571950 /* Release */ = {
			isa = XCBuildConfiguration;
			buildSettings = {
				ALWAYS_SEARCH_USER_PATHS = NO;
				CLANG_ANALYZER_NONNULL = YES;
				CLANG_ANALYZER_NUMBER_OBJECT_CONVERSION = YES_AGGRESSIVE;
				CLANG_CXX_LANGUAGE_STANDARD = "gnu++14";
				CLANG_CXX_LIBRARY = "libc++";
				CLANG_ENABLE_MODULES = YES;
				CLANG_ENABLE_OBJC_ARC = YES;
				CLANG_WARN_BLOCK_CAPTURE_AUTORELEASING = YES;
				CLANG_WARN_BOOL_CONVERSION = YES;
				CLANG_WARN_COMMA = YES;
				CLANG_WARN_CONSTANT_CONVERSION = YES;
				CLANG_WARN_DIRECT_OBJC_ISA_USAGE = YES_ERROR;
				CLANG_WARN_DOCUMENTATION_COMMENTS = YES;
				CLANG_WARN_EMPTY_BODY = YES;
				CLANG_WARN_ENUM_CONVERSION = YES;
				CLANG_WARN_INFINITE_RECURSION = YES;
				CLANG_WARN_INT_CONVERSION = YES;
				CLANG_WARN_NON_LITERAL_NULL_CONVERSION = YES;
				CLANG_WARN_OBJC_LITERAL_CONVERSION = YES;
				CLANG_WARN_OBJC_ROOT_CLASS = YES_ERROR;
				CLANG_WARN_RANGE_LOOP_ANALYSIS = YES;
				CLANG_WARN_STRICT_PROTOTYPES = YES;
				CLANG_WARN_SUSPICIOUS_MOVE = YES;
				CLANG_WARN_UNGUARDED_AVAILABILITY = YES_AGGRESSIVE;
				CLANG_WARN_UNREACHABLE_CODE = YES;
				CLANG_WARN__DUPLICATE_METHOD_MATCH = YES;
				CODE_SIGN_IDENTITY = "iPhone Developer";
				COPY_PHASE_STRIP = NO;
				DEBUG_INFORMATION_FORMAT = "dwarf-with-dsym";
				ENABLE_NS_ASSERTIONS = NO;
				ENABLE_STRICT_OBJC_MSGSEND = YES;
				GCC_C_LANGUAGE_STANDARD = gnu11;
				GCC_NO_COMMON_BLOCKS = YES;
				GCC_WARN_64_TO_32_BIT_CONVERSION = YES;
				GCC_WARN_ABOUT_RETURN_TYPE = YES_ERROR;
				GCC_WARN_UNDECLARED_SELECTOR = YES;
				GCC_WARN_UNINITIALIZED_AUTOS = YES_AGGRESSIVE;
				GCC_WARN_UNUSED_FUNCTION = YES;
				GCC_WARN_UNUSED_VARIABLE = YES;
				IPHONEOS_DEPLOYMENT_TARGET = 11.2;
				MTL_ENABLE_DEBUG_INFO = NO;
				SDKROOT = iphoneos;
				VALIDATE_PRODUCT = YES;
			};
			name = Release;
		};
		0FA96C9A2029337D00571950 /* Debug */ = {
			isa = XCBuildConfiguration;
			buildSettings = {
				ASSETCATALOG_COMPILER_APPICON_NAME = AppIcon;
				CODE_SIGN_STYLE = Automatic;
				INFOPLIST_FILE = wakywaky/Info.plist;
				LD_RUNPATH_SEARCH_PATHS = "$(inherited) @executable_path/Frameworks";
				PRODUCT_BUNDLE_IDENTIFIER = com.YasMarcu.wakywaky;
				PRODUCT_NAME = "$(TARGET_NAME)";
				TARGETED_DEVICE_FAMILY = "1,2";
			};
			name = Debug;
		};
		0FA96C9B2029337D00571950 /* Release */ = {
			isa = XCBuildConfiguration;
			buildSettings = {
				ASSETCATALOG_COMPILER_APPICON_NAME = AppIcon;
				CODE_SIGN_STYLE = Automatic;
				INFOPLIST_FILE = wakywaky/Info.plist;
				LD_RUNPATH_SEARCH_PATHS = "$(inherited) @executable_path/Frameworks";
				PRODUCT_BUNDLE_IDENTIFIER = com.YasMarcu.wakywaky;
				PRODUCT_NAME = "$(TARGET_NAME)";
				TARGETED_DEVICE_FAMILY = "1,2";
			};
			name = Release;
		};
		0FA96C9D2029337D00571950 /* Debug */ = {
			isa = XCBuildConfiguration;
			buildSettings = {
				BUNDLE_LOADER = "$(TEST_HOST)";
				CODE_SIGN_STYLE = Automatic;
				INFOPLIST_FILE = wakywakyTests/Info.plist;
				LD_RUNPATH_SEARCH_PATHS = "$(inherited) @executable_path/Frameworks @loader_path/Frameworks";
				PRODUCT_BUNDLE_IDENTIFIER = com.YasMarcu.wakywakyTests;
				PRODUCT_NAME = "$(TARGET_NAME)";
				TARGETED_DEVICE_FAMILY = "1,2";
				TEST_HOST = "$(BUILT_PRODUCTS_DIR)/wakywaky.app/wakywaky";
			};
			name = Debug;
		};
		0FA96C9E2029337D00571950 /* Release */ = {
			isa = XCBuildConfiguration;
			buildSettings = {
				BUNDLE_LOADER = "$(TEST_HOST)";
				CODE_SIGN_STYLE = Automatic;
				INFOPLIST_FILE = wakywakyTests/Info.plist;
				LD_RUNPATH_SEARCH_PATHS = "$(inherited) @executable_path/Frameworks @loader_path/Frameworks";
				PRODUCT_BUNDLE_IDENTIFIER = com.YasMarcu.wakywakyTests;
				PRODUCT_NAME = "$(TARGET_NAME)";
				TARGETED_DEVICE_FAMILY = "1,2";
				TEST_HOST = "$(BUILT_PRODUCTS_DIR)/wakywaky.app/wakywaky";
			};
			name = Release;
		};
		0FA96CA02029337D00571950 /* Debug */ = {
			isa = XCBuildConfiguration;
			buildSettings = {
				CODE_SIGN_STYLE = Automatic;
				INFOPLIST_FILE = wakywakyUITests/Info.plist;
				LD_RUNPATH_SEARCH_PATHS = "$(inherited) @executable_path/Frameworks @loader_path/Frameworks";
				PRODUCT_BUNDLE_IDENTIFIER = com.YasMarcu.wakywakyUITests;
				PRODUCT_NAME = "$(TARGET_NAME)";
				TARGETED_DEVICE_FAMILY = "1,2";
				TEST_TARGET_NAME = wakywaky;
			};
			name = Debug;
		};
		0FA96CA12029337D00571950 /* Release */ = {
			isa = XCBuildConfiguration;
			buildSettings = {
				CODE_SIGN_STYLE = Automatic;
				INFOPLIST_FILE = wakywakyUITests/Info.plist;
				LD_RUNPATH_SEARCH_PATHS = "$(inherited) @executable_path/Frameworks @loader_path/Frameworks";
				PRODUCT_BUNDLE_IDENTIFIER = com.YasMarcu.wakywakyUITests;
				PRODUCT_NAME = "$(TARGET_NAME)";
				TARGETED_DEVICE_FAMILY = "1,2";
				TEST_TARGET_NAME = wakywaky;
			};
			name = Release;
		};
/* End XCBuildConfiguration section */

/* Begin XCConfigurationList section */
		0FA96C682029337D00571950 /* Build configuration list for PBXProject "wakywaky" */ = {
			isa = XCConfigurationList;
			buildConfigurations = (
				0FA96C972029337D00571950 /* Debug */,
				0FA96C982029337D00571950 /* Release */,
			);
			defaultConfigurationIsVisible = 0;
			defaultConfigurationName = Release;
		};
		0FA96C992029337D00571950 /* Build configuration list for PBXNativeTarget "wakywaky" */ = {
			isa = XCConfigurationList;
			buildConfigurations = (
				0FA96C9A2029337D00571950 /* Debug */,
				0FA96C9B2029337D00571950 /* Release */,
			);
			defaultConfigurationIsVisible = 0;
			defaultConfigurationName = Release;
		};
		0FA96C9C2029337D00571950 /* Build configuration list for PBXNativeTarget "wakywakyTests" */ = {
			isa = XCConfigurationList;
			buildConfigurations = (
				0FA96C9D2029337D00571950 /* Debug */,
				0FA96C9E2029337D00571950 /* Release */,
			);
			defaultConfigurationIsVisible = 0;
			defaultConfigurationName = Release;
		};
		0FA96C9F2029337D00571950 /* Build configuration list for PBXNativeTarget "wakywakyUITests" */ = {
			isa = XCConfigurationList;
			buildConfigurations = (
				0FA96CA02029337D00571950 /* Debug */,
				0FA96CA12029337D00571950 /* Release */,
			);
			defaultConfigurationIsVisible = 0;
			defaultConfigurationName = Release;
		};
/* End XCConfigurationList section */
	};
	rootObject = 0FA96C652029337D00571950 /* Project object */;
}
